
Microsoft Visual Studio Solution File, Format Version 12.00
# Visual Studio Version 17
VisualStudioVersion = 17.14.36518.9 d17.14
MinimumVisualStudioVersion = 10.0.40219.1
Project("{8BC9CEB8-8B4A-11D0-8D11-00A0C91BC942}") = "sample_lib", "sample_lib.vcxproj", "{97045DB5-4841-4033-9B1E-49C86F259748}"
EndProject
Global
	GlobalSection(SolutionConfigurationPlatforms) = preSolution
		Debug|x64 = Debug|x64
		Debug|x86 = Debug|x86
		Release|x64 = Release|x64
		Release|x86 = Release|x86
	EndGlobalSection
	GlobalSection(ProjectConfigurationPlatforms) = postSolution
		{97045DB5-4841-4033-9B1E-49C86F259748}.Debug|x64.ActiveCfg = Debug|x64
		{97045DB5-4841-4033-9B1E-49C86F259748}.Debug|x64.Build.0 = Debug|x64
		{97045DB5-4841-4033-9B1E-49C86F259748}.Debug|x86.ActiveCfg = Debug|Win32
		{97045DB5-4841-4033-9B1E-49C86F259748}.Debug|x86.Build.0 = Debug|Win32
		{97045DB5-4841-4033-9B1E-49C86F259748}.Release|x64.ActiveCfg = Release|x64
		{97045DB5-4841-4033-9B1E-49C86F259748}.Release|x64.Build.0 = Release|x64
		{97045DB5-4841-4033-9B1E-49C86F259748}.Release|x86.ActiveCfg = Release|Win32
		{97045DB5-4841-4033-9B1E-49C86F259748}.Release|x86.Build.0 = Release|Win32
	EndGlobalSection
	GlobalSection(SolutionProperties) = preSolution
		HideSolutionNode = FALSE
	EndGlobalSection
	GlobalSection(ExtensibilityGlobals) = postSolution
		SolutionGuid = {2FB3E78D-957C-441C-8611-56A4BE4D3BD1}
	EndGlobalSection
EndGlobal
